// !$*UTF8*$!
{
	archiveVersion = 1;
	classes = {
	};
	objectVersion = 46;
	objects = {

/* Begin PBXBuildFile section */
		185138411D499E5D00BDA573 /* main.m in Sources */ = {isa = PBXBuildFile; fileRef = 185138401D499E5D00BDA573 /* main.m */; };
		185138441D499E5D00BDA573 /* AppDelegate.m in Sources */ = {isa = PBXBuildFile; fileRef = 185138431D499E5D00BDA573 /* AppDelegate.m */; };
		185138471D499E5D00BDA573 /* ViewController.m in Sources */ = {isa = PBXBuildFile; fileRef = 185138461D499E5D00BDA573 /* ViewController.m */; };
		1851384A1D499E5D00BDA573 /* Main.storyboard in Resources */ = {isa = PBXBuildFile; fileRef = 185138481D499E5D00BDA573 /* Main.storyboard */; };
		1851384C1D499E5D00BDA573 /* Assets.xcassets in Resources */ = {isa = PBXBuildFile; fileRef = 1851384B1D499E5D00BDA573 /* Assets.xcassets */; };
		1851384F1D499E5D00BDA573 /* LaunchScreen.storyboard in Resources */ = {isa = PBXBuildFile; fileRef = 1851384D1D499E5D00BDA573 /* LaunchScreen.storyboard */; };
/* End PBXBuildFile section */

/* Begin PBXFileReference section */
		1851383C1D499E5D00BDA573 /* yiyuan.app */ = {isa = PBXFileReference; explicitFileType = wrapper.application; includeInIndex = 0; path = yiyuan.app; sourceTree = BUILT_PRODUCTS_DIR; };
		185138401D499E5D00BDA573 /* main.m */ = {isa = PBXFileReference; lastKnownFileType = sourcecode.c.objc; path = main.m; sourceTree = "<group>"; };
		185138421D499E5D00BDA573 /* AppDelegate.h */ = {isa = PBXFileReference; lastKnownFileType = sourcecode.c.h; path = AppDelegate.h; sourceTree = "<group>"; };
		185138431D499E5D00BDA573 /* AppDelegate.m */ = {isa = PBXFileReference; lastKnownFileType = sourcecode.c.objc; path = AppDelegate.m; sourceTree = "<group>"; };
		185138451D499E5D00BDA573 /* ViewController.h */ = {isa = PBXFileReference; lastKnownFileType = sourcecode.c.h; path = ViewController.h; sourceTree = "<group>"; };
		185138461D499E5D00BDA573 /* ViewController.m */ = {isa = PBXFileReference; lastKnownFileType = sourcecode.c.objc; path = ViewController.m; sourceTree = "<group>"; };
		185138491D499E5D00BDA573 /* Base */ = {isa = PBXFileReference; lastKnownFileType = file.storyboard; name = Base; path = Base.lproj/Main.storyboard; sourceTree = "<group>"; };
		1851384B1D499E5D00BDA573 /* Assets.xcassets */ = {isa = PBXFileReference; lastKnownFileType = folder.assetcatalog; path = Assets.xcassets; sourceTree = "<group>"; };
		1851384E1D499E5D00BDA573 /* Base */ = {isa = PBXFileReference; lastKnownFileType = file.storyboard; name = Base; path = Base.lproj/LaunchScreen.storyboard; sourceTree = "<group>"; };
		185138501D499E5D00BDA573 /* Info.plist */ = {isa = PBXFileReference; lastKnownFileType = text.plist.xml; path = Info.plist; sourceTree = "<group>"; };
/* End PBXFileReference section */

/* Begin PBXFrameworksBuildPhase section */
		185138391D499E5D00BDA573 /* Frameworks */ = {
			isa = PBXFrameworksBuildPhase;
			buildActionMask = 2147483647;
			files = (
			);
			runOnlyForDeploymentPostprocessing = 0;
		};
/* End PBXFrameworksBuildPhase section */

/* Begin PBXGroup section */
		185138331D499E5D00BDA573 = {
			isa = PBXGroup;
			children = (
				1851383E1D499E5D00BDA573 /* yiyuan */,
				1851383D1D499E5D00BDA573 /* Products */,
			);
			sourceTree = "<group>";
		};
		1851383D1D499E5D00BDA573 /* Products */ = {
			isa = PBXGroup;
			children = (
				1851383C1D499E5D00BDA573 /* yiyuan.app */,
			);
			name = Products;
			sourceTree = "<group>";
		};
		1851383E1D499E5D00BDA573 /* yiyuan */ = {
			isa = PBXGroup;
			children = (
				185138421D499E5D00BDA573 /* AppDelegate.h */,
				185138431D499E5D00BDA573 /* AppDelegate.m */,
				185138451D499E5D00BDA573 /* ViewController.h */,
				185138461D499E5D00BDA573 /* ViewController.m */,
				185138481D499E5D00BDA573 /* Main.storyboard */,
				1851384B1D499E5D00BDA573 /* Assets.xcassets */,
				1851384D1D499E5D00BDA573 /* LaunchScreen.storyboard */,
				185138501D499E5D00BDA573 /* Info.plist */,
				1851383F1D499E5D00BDA573 /* Supporting Files */,
			);
			path = yiyuan;
			sourceTree = "<group>";
		};
		1851383F1D499E5D00BDA573 /* Supporting Files */ = {
			isa = PBXGroup;
			children = (
				185138401D499E5D00BDA573 /* main.m */,
			);
			name = "Supporting Files";
			sourceTree = "<group>";
		};
/* End PBXGroup section */

/* Begin PBXNativeTarget section */
		1851383B1D499E5D00BDA573 /* yiyuan */ = {
			isa = PBXNativeTarget;
			buildConfigurationList = 185138531D499E5D00BDA573 /* Build configuration list for PBXNativeTarget "yiyuan" */;
			buildPhases = (
				185138381D499E5D00BDA573 /* Sources */,
				185138391D499E5D00BDA573 /* Frameworks */,
				1851383A1D499E5D00BDA573 /* Resources */,
			);
			buildRules = (
			);
			dependencies = (
			);
			name = yiyuan;
			productName = yiyuan;
			productReference = 1851383C1D499E5D00BDA573 /* yiyuan.app */;
			productType = "com.apple.product-type.application";
		};
/* End PBXNativeTarget section */

/* Begin PBXProject section */
		185138341D499E5D00BDA573 /* Project object */ = {
			isa = PBXProject;
			attributes = {
				LastUpgradeCheck = 0720;
				ORGANIZATIONNAME = apple;
				TargetAttributes = {
					1851383B1D499E5D00BDA573 = {
						CreatedOnToolsVersion = 7.2.1;
					};
				};
			};
			buildConfigurationList = 185138371D499E5D00BDA573 /* Build configuration list for PBXProject "yiyuan" */;
			compatibilityVersion = "Xcode 3.2";
			developmentRegion = English;
			hasScannedForEncodings = 0;
			knownRegions = (
				en,
				Base,
			);
			mainGroup = 185138331D499E5D00BDA573;
			productRefGroup = 1851383D1D499E5D00BDA573 /* Products */;
			projectDirPath = "";
			projectRoot = "";
			targets = (
				1851383B1D499E5D00BDA573 /* yiyuan */,
			);
		};
/* End PBXProject section */

/* Begin PBXResourcesBuildPhase section */
		1851383A1D499E5D00BDA573 /* Resources */ = {
			isa = PBXResourcesBuildPhase;
			buildActionMask = 2147483647;
			files = (
				1851384F1D499E5D00BDA573 /* LaunchScreen.storyboard in Resources */,
				1851384C1D499E5D00BDA573 /* Assets.xcassets in Resources */,
				1851384A1D499E5D00BDA573 /* Main.storyboard in Resources */,
			);
			runOnlyForDeploymentPostprocessing = 0;
		};
/* End PBXResourcesBuildPhase section */

/* Begin PBXSourcesBuildPhase section */
		185138381D499E5D00BDA573 /* Sources */ = {
			isa = PBXSourcesBuildPhase;
			buildActionMask = 2147483647;
			files = (
				185138471D499E5D00BDA573 /* ViewController.m in Sources */,
				185138441D499E5D00BDA573 /* AppDelegate.m in Sources */,
				185138411D499E5D00BDA573 /* main.m in Sources */,
			);
			runOnlyForDeploymentPostprocessing = 0;
		};
/* End PBXSourcesBuildPhase section */

/* Begin PBXVariantGroup section */
		185138481D499E5D00BDA573 /* Main.storyboard */ = {
			isa = PBXVariantGroup;
			children = (
				185138491D499E5D00BDA573 /* Base */,
			);
			name = Main.storyboard;
			sourceTree = "<group>";
		};
		1851384D1D499E5D00BDA573 /* LaunchScreen.storyboard */ = {
			isa = PBXVariantGroup;
			children = (
				1851384E1D499E5D00BDA573 /* Base */,
			);
			name = LaunchScreen.storyboard;
			sourceTree = "<group>";
		};
/* End PBXVariantGroup section */

/* Begin XCBuildConfiguration section */
		185138511D499E5D00BDA573 /* Debug */ = {
			isa = XCBuildConfiguration;
			buildSettings = {
				ALWAYS_SEARCH_USER_PATHS = NO;
				CLANG_CXX_LANGUAGE_STANDARD = "gnu++0x";
				CLANG_CXX_LIBRARY = "libc++";
				CLANG_ENABLE_MODULES = YES;
				CLANG_ENABLE_OBJC_ARC = YES;
				CLANG_WARN_BOOL_CONVERSION = YES;
				CLANG_WARN_CONSTANT_CONVERSION = YES;
				CLANG_WARN_DIRECT_OBJC_ISA_USAGE = YES_ERROR;
				CLANG_WARN_EMPTY_BODY = YES;
				CLANG_WARN_ENUM_CONVERSION = YES;
				CLANG_WARN_INT_CONVERSION = YES;
				CLANG_WARN_OBJC_ROOT_CLASS = YES_ERROR;
				CLANG_WARN_UNREACHABLE_CODE = YES;
				CLANG_WARN__DUPLICATE_METHOD_MATCH = YES;
				"CODE_SIGN_IDENTITY[sdk=iphoneos*]" = "iPhone Developer";
				COPY_PHASE_STRIP = NO;
				DEBUG_INFORMATION_FORMAT = dwarf;
				ENABLE_STRICT_OBJC_MSGSEND = YES;
				ENABLE_TESTABILITY = YES;
				GCC_C_LANGUAGE_STANDARD = gnu99;
				GCC_DYNAMIC_NO_PIC = NO;
				GCC_NO_COMMON_BLOCKS = YES;
				GCC_OPTIMIZATION_LEVEL = 0;
				GCC_PREPROCESSOR_DEFINITIONS = (
					"DEBUG=1",
					"$(inherited)",
				);
				GCC_WARN_64_TO_32_BIT_CONVERSION = YES;
				GCC_WARN_ABOUT_RETURN_TYPE = YES_ERROR;
				GCC_WARN_UNDECLARED_SELECTOR = YES;
				GCC_WARN_UNINITIALIZED_AUTOS = YES_AGGRESSIVE;
				GCC_WARN_UNUSED_FUNCTION = YES;
				GCC_WARN_UNUSED_VARIABLE = YES;
				IPHONEOS_DEPLOYMENT_TARGET = 9.2;
				MTL_ENABLE_DEBUG_INFO = YES;
				ONLY_ACTIVE_ARCH = YES;
				SDKROOT = iphoneos;
				TARGETED_DEVICE_FAMILY = "1,2";
			};
			name = Debug;
		};
		185138521D499E5D00BDA573 /* Release */ = {
			isa = XCBuildConfiguration;
			buildSettings = {
				ALWAYS_SEARCH_USER_PATHS = NO;
				CLANG_CXX_LANGUAGE_STANDARD = "gnu++0x";
				CLANG_CXX_LIBRARY = "libc++";
				CLANG_ENABLE_MODULES = YES;
				CLANG_ENABLE_OBJC_ARC = YES;
				CLANG_WARN_BOOL_CONVERSION = YES;
				CLANG_WARN_CONSTANT_CONVERSION = YES;
				CLANG_WARN_DIRECT_OBJC_ISA_USAGE = YES_ERROR;
				CLANG_WARN_EMPTY_BODY = YES;
				CLANG_WARN_ENUM_CONVERSION = YES;
				CLANG_WARN_INT_CONVERSION = YES;
				CLANG_WARN_OBJC_ROOT_CLASS = YES_ERROR;
				CLANG_WARN_UNREACHABLE_CODE = YES;
				CLANG_WARN__DUPLICATE_METHOD_MATCH = YES;
				"CODE_SIGN_IDENTITY[sdk=iphoneos*]" = "iPhone Developer";
				COPY_PHASE_STRIP = NO;
				DEBUG_INFORMATION_FORMAT = "dwarf-with-dsym";
				ENABLE_NS_ASSERTIONS = NO;
				ENABLE_STRICT_OBJC_MSGSEND = YES;
				GCC_C_LANGUAGE_STANDARD = gnu99;
				GCC_NO_COMMON_BLOCKS = YES;
				GCC_WARN_64_TO_32_BIT_CONVERSION = YES;
				GCC_WARN_ABOUT_RETURN_TYPE = YES_ERROR;
				GCC_WARN_UNDECLARED_SELECTOR = YES;
				GCC_WARN_UNINITIALIZED_AUTOS = YES_AGGRESSIVE;
				GCC_WARN_UNUSED_FUNCTION = YES;
				GCC_WARN_UNUSED_VARIABLE = YES;
				IPHONEOS_DEPLOYMENT_TARGET = 9.2;
				MTL_ENABLE_DEBUG_INFO = NO;
				SDKROOT = iphoneos;
				TARGETED_DEVICE_FAMILY = "1,2";
				VALIDATE_PRODUCT = YES;
			};
			name = Release;
		};
		185138541D499E5D00BDA573 /* Debug */ = {
			isa = XCBuildConfiguration;
			buildSettings = {
				ASSETCATALOG_COMPILER_APPICON_NAME = AppIcon;
				INFOPLIST_FILE = yiyuan/Info.plist;
				LD_RUNPATH_SEARCH_PATHS = "$(inherited) @executable_path/Frameworks";
				PRODUCT_BUNDLE_IDENTIFIER = com.lanmei.yiyuan;
				PRODUCT_NAME = "$(TARGET_NAME)";
			};
			name = Debug;
		};
		185138551D499E5D00BDA573 /* Release */ = {
			isa = XCBuildConfiguration;
			buildSettings = {
				ASSETCATALOG_COMPILER_APPICON_NAME = AppIcon;
				INFOPLIST_FILE = yiyuan/Info.plist;
				LD_RUNPATH_SEARCH_PATHS = "$(inherited) @executable_path/Frameworks";
				PRODUCT_BUNDLE_IDENTIFIER = com.lanmei.yiyuan;
				PRODUCT_NAME = "$(TARGET_NAME)";
			};
			name = Release;
		};
/* End XCBuildConfiguration section */

/* Begin XCConfigurationList section */
		185138371D499E5D00BDA573 /* Build configuration list for PBXProject "yiyuan" */ = {
			isa = XCConfigurationList;
			buildConfigurations = (
				185138511D499E5D00BDA573 /* Debug */,
				185138521D499E5D00BDA573 /* Release */,
			);
			defaultConfigurationIsVisible = 0;
			defaultConfigurationName = Release;
		};
		185138531D499E5D00BDA573 /* Build configuration list for PBXNativeTarget "yiyuan" */ = {
			isa = XCConfigurationList;
			buildConfigurations = (
				185138541D499E5D00BDA573 /* Debug */,
				185138551D499E5D00BDA573 /* Release */,
			);
			defaultConfigurationIsVisible = 0;
		};
/* End XCConfigurationList section */
	};
	rootObject = 185138341D499E5D00BDA573 /* Project object */;
}
